
Microsoft Visual Studio Solution File, Format Version 12.00
# Visual Studio Version 17
VisualStudioVersion = 17.14.36109.1
MinimumVisualStudioVersion = 10.0.40219.1
Project("{FAE04EC0-301F-11D3-BF4B-00C04F79EFBC}") = "MVP20250625Example", "MVP20250625Example\MVP20250625Example.csproj", "{645A97BA-E3F6-4CF5-937A-CE966BCE204D}"
EndProject
Project("{FAE04EC0-301F-11D3-BF4B-00C04F79EFBC}") = "Demo1", "Demo1\Demo1.csproj", "{1B3D291B-658B-41F9-B401-1699ADF5138E}"
EndProject
Project("{FAE04EC0-301F-11D3-BF4B-00C04F79EFBC}") = "FPDemo", "FPDemo\FPDemo.csproj", "{8252E0F3-3471-4943-97CA-62ADF6EFB6C0}"
EndProject
Project("{FAE04EC0-301F-11D3-BF4B-00C04F79EFBC}") = "LambdaDemo", "LambdaDemo\LambdaDemo.csproj", "{5281127D-E617-407E-919A-D485A7BB6B05}"
EndProject
Project("{F2A71F9B-5D33-465A-A702-920D77279786}") = "FsDemo", "FsDemo\FsDemo.fsproj", "{66EBFFD7-3844-4CDD-944A-8FCBCB58A157}"
EndProject
Project("{FAE04EC0-301F-11D3-BF4B-00C04F79EFBC}") = "CameraDemo", "CameraDemo\CameraDemo.csproj", "{6AB41C80-1FA5-4A67-A915-9BFFEAA165BA}"
EndProject
Project("{FAE04EC0-301F-11D3-BF4B-00C04F79EFBC}") = "LiveDemo", "LiveDemo\LiveDemo.csproj", "{5A70EBA5-26FB-4043-A9F0-4D2458BBBF9F}"
EndProject
Project("{FAE04EC0-301F-11D3-BF4B-00C04F79EFBC}") = "LiveDemo2", "LiveDemo2\LiveDemo2.csproj", "{07128ABC-D679-4E73-8DA3-666357F5AAF5}"
EndProject
Global
	GlobalSection(SolutionConfigurationPlatforms) = preSolution
		Debug|Any CPU = Debug|Any CPU
		Release|Any CPU = Release|Any CPU
	EndGlobalSection
	GlobalSection(ProjectConfigurationPlatforms) = postSolution
		{645A97BA-E3F6-4CF5-937A-CE966BCE204D}.Debug|Any CPU.ActiveCfg = Debug|Any CPU
		{645A97BA-E3F6-4CF5-937A-CE966BCE204D}.Debug|Any CPU.Build.0 = Debug|Any CPU
		{645A97BA-E3F6-4CF5-937A-CE966BCE204D}.Release|Any CPU.ActiveCfg = Release|Any CPU
		{645A97BA-E3F6-4CF5-937A-CE966BCE204D}.Release|Any CPU.Build.0 = Release|Any CPU
		{1B3D291B-658B-41F9-B401-1699ADF5138E}.Debug|Any CPU.ActiveCfg = Debug|Any CPU
		{1B3D291B-658B-41F9-B401-1699ADF5138E}.Debug|Any CPU.Build.0 = Debug|Any CPU
		{1B3D291B-658B-41F9-B401-1699ADF5138E}.Release|Any CPU.ActiveCfg = Release|Any CPU
		{1B3D291B-658B-41F9-B401-1699ADF5138E}.Release|Any CPU.Build.0 = Release|Any CPU
		{8252E0F3-3471-4943-97CA-62ADF6EFB6C0}.Debug|Any CPU.ActiveCfg = Debug|Any CPU
		{8252E0F3-3471-4943-97CA-62ADF6EFB6C0}.Debug|Any CPU.Build.0 = Debug|Any CPU
		{8252E0F3-3471-4943-97CA-62ADF6EFB6C0}.Release|Any CPU.ActiveCfg = Release|Any CPU
		{8252E0F3-3471-4943-97CA-62ADF6EFB6C0}.Release|Any CPU.Build.0 = Release|Any CPU
		{5281127D-E617-407E-919A-D485A7BB6B05}.Debug|Any CPU.ActiveCfg = Debug|Any CPU
		{5281127D-E617-407E-919A-D485A7BB6B05}.Debug|Any CPU.Build.0 = Debug|Any CPU
		{5281127D-E617-407E-919A-D485A7BB6B05}.Release|Any CPU.ActiveCfg = Release|Any CPU
		{5281127D-E617-407E-919A-D485A7BB6B05}.Release|Any CPU.Build.0 = Release|Any CPU
		{66EBFFD7-3844-4CDD-944A-8FCBCB58A157}.Debug|Any CPU.ActiveCfg = Debug|Any CPU
		{66EBFFD7-3844-4CDD-944A-8FCBCB58A157}.Debug|Any CPU.Build.0 = Debug|Any CPU
		{66EBFFD7-3844-4CDD-944A-8FCBCB58A157}.Release|Any CPU.ActiveCfg = Release|Any CPU
		{66EBFFD7-3844-4CDD-944A-8FCBCB58A157}.Release|Any CPU.Build.0 = Release|Any CPU
		{6AB41C80-1FA5-4A67-A915-9BFFEAA165BA}.Debug|Any CPU.ActiveCfg = Debug|Any CPU
		{6AB41C80-1FA5-4A67-A915-9BFFEAA165BA}.Debug|Any CPU.Build.0 = Debug|Any CPU
		{6AB41C80-1FA5-4A67-A915-9BFFEAA165BA}.Release|Any CPU.ActiveCfg = Release|Any CPU
		{6AB41C80-1FA5-4A67-A915-9BFFEAA165BA}.Release|Any CPU.Build.0 = Release|Any CPU
		{5A70EBA5-26FB-4043-A9F0-4D2458BBBF9F}.Debug|Any CPU.ActiveCfg = Debug|Any CPU
		{5A70EBA5-26FB-4043-A9F0-4D2458BBBF9F}.Debug|Any CPU.Build.0 = Debug|Any CPU
		{5A70EBA5-26FB-4043-A9F0-4D2458BBBF9F}.Release|Any CPU.ActiveCfg = Release|Any CPU
		{5A70EBA5-26FB-4043-A9F0-4D2458BBBF9F}.Release|Any CPU.Build.0 = Release|Any CPU
		{07128ABC-D679-4E73-8DA3-666357F5AAF5}.Debug|Any CPU.ActiveCfg = Debug|Any CPU
		{07128ABC-D679-4E73-8DA3-666357F5AAF5}.Debug|Any CPU.Build.0 = Debug|Any CPU
		{07128ABC-D679-4E73-8DA3-666357F5AAF5}.Release|Any CPU.ActiveCfg = Release|Any CPU
		{07128ABC-D679-4E73-8DA3-666357F5AAF5}.Release|Any CPU.Build.0 = Release|Any CPU
	EndGlobalSection
	GlobalSection(SolutionProperties) = preSolution
		HideSolutionNode = FALSE
	EndGlobalSection
	GlobalSection(ExtensibilityGlobals) = postSolution
		SolutionGuid = {A6986EF9-AF20-4AF2-AF3A-C1C5363F79BE}
	EndGlobalSection
EndGlobal
